{
  "name": "node-core-audio",
  "version": "0.5.1",
  "lockfileVersion": 2,
  "requires": true,
  "packages": {
    "": {
      "name": "node-core-audio",
      "version": "0.5.1",
      "license": "MIT",
      "dependencies": {
        "audio-streamer": ">= 0.1.0",
        "fft": "~0.2.1",
        "nan": "^2.14.2",
        "node-waveheader": "git://github.com/mrose17/node-waveheader.git",
        "portfinder": "0.2.1"
      },
      "engines": {
        "node": ">=0.12.0"
      }
    },
    "node_modules/assert-plus": {
      "version": "1.0.0",
      "resolved": "https://registry.npmjs.org/assert-plus/-/assert-plus-1.0.0.tgz",
      "integrity": "sha1-8S4PPF13sLHN2RRpQuTpbB5N1SU=",
      "license": "MIT",
      "engines": {
        "node": ">=0.8"
      }
    },
    "node_modules/audio-streamer": {
      "version": "0.1.0",
      "resolved": "https://registry.npmjs.org/audio-streamer/-/audio-streamer-0.1.0.tgz",
      "integrity": "sha1-kd9oKWe5b9j3aTFiQR/2sMdayMU=",
      "dependencies": {
        "binaryjs": ">= 0.0.1"
      },
      "engines": {
        "node": ">=0.8.0"
      }
    },
    "node_modules/binaryjs": {
      "version": "0.2.1",
      "resolved": "https://registry.npmjs.org/binaryjs/-/binaryjs-0.2.1.tgz",
      "integrity": "sha1-KO20CxgwJ49VmOsAw2eSU+jpne4=",
      "dependencies": {
        "binarypack": ">=0.0.4",
        "streamers": ">=0.1.0",
        "streamws": ">=0.1.1"
      },
      "engines": {
        "node": ">=0.6.0"
      }
    },
    "node_modules/binarypack": {
      "version": "0.0.4",
      "resolved": "https://registry.npmjs.org/binarypack/-/binarypack-0.0.4.tgz",
      "integrity": "sha1-xKtKysfGWeIo7QsLczVibJjWyJA=",
      "dependencies": {
        "buffercursor": ">=0.0.3"
      },
      "engines": {
        "node": ">=0.6.0"
      }
    },
    "node_modules/buffercursor": {
      "version": "0.0.12",
      "resolved": "https://registry.npmjs.org/buffercursor/-/buffercursor-0.0.12.tgz",
      "integrity": "sha1-eKmn9DQ659ggqJmazIDeWR4lp3k=",
      "dependencies": {
        "verror": "^1.4.0"
      },
      "engines": {
        "node": ">= 0.5.0"
      }
    },
    "node_modules/commander": {
      "version": "0.6.1",
      "resolved": "https://registry.npmjs.org/commander/-/commander-0.6.1.tgz",
      "integrity": "sha1-+mihT2qUXVTbvlDYzbMyDp47GgY=",
      "engines": {
        "node": ">= 0.4.x"
      }
    },
    "node_modules/core-util-is": {
      "version": "1.0.2",
      "resolved": "https://registry.npmjs.org/core-util-is/-/core-util-is-1.0.2.tgz",
      "integrity": "sha1-tf1UIgqivFq1eqtxQMlAdUUDwac=",
      "license": "MIT"
    },
    "node_modules/debug": {
      "version": "0.7.4",
      "resolved": "https://registry.npmjs.org/debug/-/debug-0.7.4.tgz",
      "integrity": "sha1-BuHqgILCyxTjmAbiLi9vdX+Srzk=",
      "engines": {
        "node": "*"
      }
    },
    "node_modules/extsprintf": {
      "version": "1.4.0",
      "resolved": "https://registry.npmjs.org/extsprintf/-/extsprintf-1.4.0.tgz",
      "integrity": "sha1-4mifjzVvrWLMplo6kcXfX5VRaS8=",
      "engines": [
        "node >=0.6.0"
      ],
      "license": "MIT"
    },
    "node_modules/eyes": {
      "version": "0.1.8",
      "resolved": "https://registry.npmjs.org/eyes/-/eyes-0.1.8.tgz",
      "integrity": "sha1-Ys8SAjTGg3hdkCNIqADvPgzCC8A=",
      "engines": {
        "node": "> 0.1.90"
      }
    },
    "node_modules/fft": {
      "version": "0.2.1",
      "resolved": "https://registry.npmjs.org/fft/-/fft-0.2.1.tgz",
      "integrity": "sha1-EERVT9uhoLlsSEPV3qhSXKs2Iao=",
      "engines": {
        "node": ">=0.6.0-0"
      }
    },
    "node_modules/mkdirp": {
      "version": "0.0.7",
      "resolved": "https://registry.npmjs.org/mkdirp/-/mkdirp-0.0.7.tgz",
      "integrity": "sha1-2JtPDkw+XlylQjWTFnXglP4aUHI=",
      "deprecated": "Legacy versions of mkdirp are no longer supported. Please update to mkdirp 1.x. (Note that the API surface has changed to use Promises in 1.x.)",
      "license": "MIT/X11",
      "engines": {
        "node": "*"
      }
    },
    "node_modules/nan": {
      "version": "2.14.2",
      "resolved": "https://registry.npmjs.org/nan/-/nan-2.14.2.tgz",
      "integrity": "sha512-M2ufzIiINKCuDfBSAUr1vWQ+vuVcA9kqx8JJUsbQi6yf1uGRyb7HfpdfUr5qLXf3B/t8dPvcjhKMmlfnP47EzQ==",
      "license": "MIT"
    },
    "node_modules/node-waveheader": {
      "name": "waveheader",
      "version": "0.0.2",
      "resolved": "git+ssh://git@github.com/mrose17/node-waveheader.git#268ea1b55ad7bb818340ae230dfaae4f4c59f564",
      "dependencies": {
        "debug": "~0.7.2"
      }
    },
    "node_modules/options": {
      "version": "0.0.6",
      "resolved": "https://registry.npmjs.org/options/-/options-0.0.6.tgz",
      "integrity": "sha1-7CLTEoBrtT5zF3Pnza788cZDEo8=",
      "engines": {
        "node": ">=0.4.0"
      }
    },
    "node_modules/portfinder": {
      "version": "0.2.1",
      "resolved": "https://registry.npmjs.org/portfinder/-/portfinder-0.2.1.tgz",
      "integrity": "sha1-srmwFk+eF/o6nH2yME0KdRQMca0=",
      "dependencies": {
        "mkdirp": "0.0.x"
      },
      "engines": {
        "node": ">= 0.4.0"
      }
    },
    "node_modules/streamers": {
      "version": "0.1.1",
      "resolved": "https://registry.npmjs.org/streamers/-/streamers-0.1.1.tgz",
      "integrity": "sha1-OHk+rhRHAhaC7TYdHjEGrFlrDFU=",
      "dependencies": {
        "underscore": "1.2.3",
        "vows": "0.6.1"
      },
      "engines": {
        "node": "*"
      }
    },
    "node_modules/streamws": {
      "version": "0.1.1",
      "resolved": "https://registry.npmjs.org/streamws/-/streamws-0.1.1.tgz",
      "integrity": "sha1-lcM7XseVtShTYen3OZPgBDjTOxo=",
      "hasInstallScript": true,
      "dependencies": {
        "commander": "~0.6.1",
        "options": "latest",
        "tinycolor": "0.x"
      },
      "engines": {
        "node": ">=0.6.0"
      }
    },
    "node_modules/tinycolor": {
      "version": "0.0.1",
      "resolved": "https://registry.npmjs.org/tinycolor/-/tinycolor-0.0.1.tgz",
      "integrity": "sha1-MgtaUtg6u1l42Bo+iH1K77FaYWQ=",
      "engines": {
        "node": ">=0.4.0"
      }
    },
    "node_modules/underscore": {
      "version": "1.2.3",
      "resolved": "https://registry.npmjs.org/underscore/-/underscore-1.2.3.tgz",
      "integrity": "sha1-Ebh02nD0aD19SLuitEvh5gDS9s8=",
      "engines": {
        "node": "*"
      }
    },
    "node_modules/verror": {
      "version": "1.10.0",
      "resolved": "https://registry.npmjs.org/verror/-/verror-1.10.0.tgz",
      "integrity": "sha1-OhBcoXBTr1XW4nDB+CiGguGNpAA=",
      "engines": [
        "node >=0.6.0"
      ],
      "license": "MIT",
      "dependencies": {
        "assert-plus": "^1.0.0",
        "core-util-is": "1.0.2",
        "extsprintf": "^1.2.0"
      }
    },
    "node_modules/vows": {
      "version": "0.6.1",
      "resolved": "https://registry.npmjs.org/vows/-/vows-0.6.1.tgz",
      "integrity": "sha1-DTzOx2eUt6yGALXHANaJhkpkCis=",
      "dependencies": {
        "eyes": ">=0.1.6"
      },
      "bin": {
        "vows": "bin/vows"
      },
      "engines": {
        "node": ">=0.2.6"
      }
    }
  },
  "dependencies": {
    "assert-plus": {
      "version": "1.0.0",
      "resolved": "https://registry.npmjs.org/assert-plus/-/assert-plus-1.0.0.tgz",
      "integrity": "sha1-8S4PPF13sLHN2RRpQuTpbB5N1SU="
    },
    "audio-streamer": {
      "version": "0.1.0",
      "resolved": "https://registry.npmjs.org/audio-streamer/-/audio-streamer-0.1.0.tgz",
      "integrity": "sha1-kd9oKWe5b9j3aTFiQR/2sMdayMU=",
      "requires": {
        "binaryjs": ">= 0.0.1"
      }
    },
    "binaryjs": {
      "version": "0.2.1",
      "resolved": "https://registry.npmjs.org/binaryjs/-/binaryjs-0.2.1.tgz",
      "integrity": "sha1-KO20CxgwJ49VmOsAw2eSU+jpne4=",
      "requires": {
        "binarypack": ">=0.0.4",
        "streamers": ">=0.1.0",
        "streamws": ">=0.1.1"
      }
    },
    "binarypack": {
      "version": "0.0.4",
      "resolved": "https://registry.npmjs.org/binarypack/-/binarypack-0.0.4.tgz",
      "integrity": "sha1-xKtKysfGWeIo7QsLczVibJjWyJA=",
      "requires": {
        "buffercursor": ">=0.0.3"
      }
    },
    "buffercursor": {
      "version": "0.0.12",
      "resolved": "https://registry.npmjs.org/buffercursor/-/buffercursor-0.0.12.tgz",
      "integrity": "sha1-eKmn9DQ659ggqJmazIDeWR4lp3k=",
      "requires": {
        "verror": "^1.4.0"
      }
    },
    "commander": {
      "version": "0.6.1",
      "resolved": "https://registry.npmjs.org/commander/-/commander-0.6.1.tgz",
      "integrity": "sha1-+mihT2qUXVTbvlDYzbMyDp47GgY="
    },
    "core-util-is": {
      "version": "1.0.2",
      "resolved": "https://registry.npmjs.org/core-util-is/-/core-util-is-1.0.2.tgz",
      "integrity": "sha1-tf1UIgqivFq1eqtxQMlAdUUDwac="
    },
    "debug": {
      "version": "0.7.4",
      "resolved": "https://registry.npmjs.org/debug/-/debug-0.7.4.tgz",
      "integrity": "sha1-BuHqgILCyxTjmAbiLi9vdX+Srzk="
    },
    "extsprintf": {
      "version": "1.4.0",
      "resolved": "https://registry.npmjs.org/extsprintf/-/extsprintf-1.4.0.tgz",
      "integrity": "sha1-4mifjzVvrWLMplo6kcXfX5VRaS8="
    },
    "eyes": {
      "version": "0.1.8",
      "resolved": "https://registry.npmjs.org/eyes/-/eyes-0.1.8.tgz",
      "integrity": "sha1-Ys8SAjTGg3hdkCNIqADvPgzCC8A="
    },
    "fft": {
      "version": "0.2.1",
      "resolved": "https://registry.npmjs.org/fft/-/fft-0.2.1.tgz",
      "integrity": "sha1-EERVT9uhoLlsSEPV3qhSXKs2Iao="
    },
    "mkdirp": {
      "version": "0.0.7",
      "resolved": "https://registry.npmjs.org/mkdirp/-/mkdirp-0.0.7.tgz",
      "integrity": "sha1-2JtPDkw+XlylQjWTFnXglP4aUHI="
    },
    "nan": {
      "version": "2.14.2",
      "resolved": "https://registry.npmjs.org/nan/-/nan-2.14.2.tgz",
      "integrity": "sha512-M2ufzIiINKCuDfBSAUr1vWQ+vuVcA9kqx8JJUsbQi6yf1uGRyb7HfpdfUr5qLXf3B/t8dPvcjhKMmlfnP47EzQ=="
    },
    "node-waveheader": {
      "version": "git+ssh://git@github.com/mrose17/node-waveheader.git#268ea1b55ad7bb818340ae230dfaae4f4c59f564",
      "from": "node-waveheader@git://github.com/mrose17/node-waveheader.git",
      "requires": {
        "debug": "~0.7.2"
      }
    },
    "options": {
      "version": "0.0.6",
      "resolved": "https://registry.npmjs.org/options/-/options-0.0.6.tgz",
      "integrity": "sha1-7CLTEoBrtT5zF3Pnza788cZDEo8="
    },
    "portfinder": {
      "version": "0.2.1",
      "resolved": "https://registry.npmjs.org/portfinder/-/portfinder-0.2.1.tgz",
      "integrity": "sha1-srmwFk+eF/o6nH2yME0KdRQMca0=",
      "requires": {
        "mkdirp": "0.0.x"
      }
    },
    "streamers": {
      "version": "0.1.1",
      "resolved": "https://registry.npmjs.org/streamers/-/streamers-0.1.1.tgz",
      "integrity": "sha1-OHk+rhRHAhaC7TYdHjEGrFlrDFU=",
      "requires": {
        "underscore": "1.2.3",
        "vows": "0.6.1"
      }
    },
    "streamws": {
      "version": "0.1.1",
      "resolved": "https://registry.npmjs.org/streamws/-/streamws-0.1.1.tgz",
      "integrity": "sha1-lcM7XseVtShTYen3OZPgBDjTOxo=",
      "requires": {
        "commander": "~0.6.1",
        "options": "latest",
        "tinycolor": "0.x"
      }
    },
    "tinycolor": {
      "version": "0.0.1",
      "resolved": "https://registry.npmjs.org/tinycolor/-/tinycolor-0.0.1.tgz",
      "integrity": "sha1-MgtaUtg6u1l42Bo+iH1K77FaYWQ="
    },
    "underscore": {
      "version": "1.2.3",
      "resolved": "https://registry.npmjs.org/underscore/-/underscore-1.2.3.tgz",
      "integrity": "sha1-Ebh02nD0aD19SLuitEvh5gDS9s8="
    },
    "verror": {
      "version": "1.10.0",
      "resolved": "https://registry.npmjs.org/verror/-/verror-1.10.0.tgz",
      "integrity": "sha1-OhBcoXBTr1XW4nDB+CiGguGNpAA=",
      "requires": {
        "assert-plus": "^1.0.0",
        "core-util-is": "1.0.2",
        "extsprintf": "^1.2.0"
      }
    },
    "vows": {
      "version": "0.6.1",
      "resolved": "https://registry.npmjs.org/vows/-/vows-0.6.1.tgz",
      "integrity": "sha1-DTzOx2eUt6yGALXHANaJhkpkCis=",
      "requires": {
        "eyes": ">=0.1.6"
      }
    }
  }
}
